// !$*UTF8*$!
{
	archiveVersion = 1;
	classes = {
	};
	objectVersion = 46;
	objects = {

/* Begin PBXBuildFile section */
		D1EDA10B1C1421BC00336675 /* AppDelegate.swift in Sources */ = {isa = PBXBuildFile; fileRef = D1EDA10A1C1421BC00336675 /* AppDelegate.swift */; };
		D1EDA10D1C1421BC00336675 /* ViewController.swift in Sources */ = {isa = PBXBuildFile; fileRef = D1EDA10C1C1421BC00336675 /* ViewController.swift */; };
		D1EDA1101C1421BC00336675 /* Main.storyboard in Resources */ = {isa = PBXBuildFile; fileRef = D1EDA10E1C1421BC00336675 /* Main.storyboard */; };
		D1EDA1121C1421BC00336675 /* Assets.xcassets in Resources */ = {isa = PBXBuildFile; fileRef = D1EDA1111C1421BC00336675 /* Assets.xcassets */; };
		D1EDA1151C1421BC00336675 /* LaunchScreen.storyboard in Resources */ = {isa = PBXBuildFile; fileRef = D1EDA1131C1421BC00336675 /* LaunchScreen.storyboard */; };
/* End PBXBuildFile section */

/* Begin PBXFileReference section */
		D1EDA1071C1421BC00336675 /* URL-Demo.app */ = {isa = PBXFileReference; explicitFileType = wrapper.application; includeInIndex = 0; path = "URL-Demo.app"; sourceTree = BUILT_PRODUCTS_DIR; };
		D1EDA10A1C1421BC00336675 /* AppDelegate.swift */ = {isa = PBXFileReference; lastKnownFileType = sourcecode.swift; path = AppDelegate.swift; sourceTree = "<group>"; };
		D1EDA10C1C1421BC00336675 /* ViewController.swift */ = {isa = PBXFileReference; lastKnownFileType = sourcecode.swift; path = ViewController.swift; sourceTree = "<group>"; };
		D1EDA10F1C1421BC00336675 /* Base */ = {isa = PBXFileReference; lastKnownFileType = file.storyboard; name = Base; path = Base.lproj/Main.storyboard; sourceTree = "<group>"; };
		D1EDA1111C1421BC00336675 /* Assets.xcassets */ = {isa = PBXFileReference; lastKnownFileType = folder.assetcatalog; path = Assets.xcassets; sourceTree = "<group>"; };
		D1EDA1141C1421BC00336675 /* Base */ = {isa = PBXFileReference; lastKnownFileType = file.storyboard; name = Base; path = Base.lproj/LaunchScreen.storyboard; sourceTree = "<group>"; };
		D1EDA1161C1421BC00336675 /* Info.plist */ = {isa = PBXFileReference; lastKnownFileType = text.plist.xml; path = Info.plist; sourceTree = "<group>"; };
/* End PBXFileReference section */

/* Begin PBXFrameworksBuildPhase section */
		D1EDA1041C1421BC00336675 /* Frameworks */ = {
			isa = PBXFrameworksBuildPhase;
			buildActionMask = 2147483647;
			files = (
			);
			runOnlyForDeploymentPostprocessing = 0;
		};
/* End PBXFrameworksBuildPhase section */

/* Begin PBXGroup section */
		D1EDA0FE1C1421BC00336675 = {
			isa = PBXGroup;
			children = (
				D1EDA1091C1421BC00336675 /* URL-Demo */,
				D1EDA1081C1421BC00336675 /* Products */,
			);
			sourceTree = "<group>";
		};
		D1EDA1081C1421BC00336675 /* Products */ = {
			isa = PBXGroup;
			children = (
				D1EDA1071C1421BC00336675 /* URL-Demo.app */,
			);
			name = Products;
			sourceTree = "<group>";
		};
		D1EDA1091C1421BC00336675 /* URL-Demo */ = {
			isa = PBXGroup;
			children = (
				D1EDA10A1C1421BC00336675 /* AppDelegate.swift */,
				D1EDA10C1C1421BC00336675 /* ViewController.swift */,
				D1EDA10E1C1421BC00336675 /* Main.storyboard */,
				D1EDA1111C1421BC00336675 /* Assets.xcassets */,
				D1EDA1131C1421BC00336675 /* LaunchScreen.storyboard */,
				D1EDA1161C1421BC00336675 /* Info.plist */,
			);
			path = "URL-Demo";
			sourceTree = "<group>";
		};
/* End PBXGroup section */

/* Begin PBXNativeTarget section */
		D1EDA1061C1421BC00336675 /* URL-Demo */ = {
			isa = PBXNativeTarget;
			buildConfigurationList = D1EDA1191C1421BC00336675 /* Build configuration list for PBXNativeTarget "URL-Demo" */;
			buildPhases = (
				D1EDA1031C1421BC00336675 /* Sources */,
				D1EDA1041C1421BC00336675 /* Frameworks */,
				D1EDA1051C1421BC00336675 /* Resources */,
			);
			buildRules = (
			);
			dependencies = (
			);
			name = "URL-Demo";
			productName = "URL-Demo";
			productReference = D1EDA1071C1421BC00336675 /* URL-Demo.app */;
			productType = "com.apple.product-type.application";
		};
/* End PBXNativeTarget section */

/* Begin PBXProject section */
		D1EDA0FF1C1421BC00336675 /* Project object */ = {
			isa = PBXProject;
			attributes = {
				LastSwiftUpdateCheck = 0710;
				LastUpgradeCheck = 0710;
				ORGANIZATIONNAME = "Wei Wang";
				TargetAttributes = {
					D1EDA1061C1421BC00336675 = {
						CreatedOnToolsVersion = 7.1.1;
					};
				};
			};
			buildConfigurationList = D1EDA1021C1421BC00336675 /* Build configuration list for PBXProject "URL-Demo" */;
			compatibilityVersion = "Xcode 3.2";
			developmentRegion = English;
			hasScannedForEncodings = 0;
			knownRegions = (
				en,
				Base,
			);
			mainGroup = D1EDA0FE1C1421BC00336675;
			productRefGroup = D1EDA1081C1421BC00336675 /* Products */;
			projectDirPath = "";
			projectRoot = "";
			targets = (
				D1EDA1061C1421BC00336675 /* URL-Demo */,
			);
		};
/* End PBXProject section */

/* Begin PBXResourcesBuildPhase section */
		D1EDA1051C1421BC00336675 /* Resources */ = {
			isa = PBXResourcesBuildPhase;
			buildActionMask = 2147483647;
			files = (
				D1EDA1151C1421BC00336675 /* LaunchScreen.storyboard in Resources */,
				D1EDA1121C1421BC00336675 /* Assets.xcassets in Resources */,
				D1EDA1101C1421BC00336675 /* Main.storyboard in Resources */,
			);
			runOnlyForDeploymentPostprocessing = 0;
		};
/* End PBXResourcesBuildPhase section */

/* Begin PBXSourcesBuildPhase section */
		D1EDA1031C1421BC00336675 /* Sources */ = {
			isa = PBXSourcesBuildPhase;
			buildActionMask = 2147483647;
			files = (
				D1EDA10D1C1421BC00336675 /* ViewController.swift in Sources */,
				D1EDA10B1C1421BC00336675 /* AppDelegate.swift in Sources */,
			);
			runOnlyForDeploymentPostprocessing = 0;
		};
/* End PBXSourcesBuildPhase section */

/* Begin PBXVariantGroup section */
		D1EDA10E1C1421BC00336675 /* Main.storyboard */ = {
			isa = PBXVariantGroup;
			children = (
				D1EDA10F1C1421BC00336675 /* Base */,
			);
			name = Main.storyboard;
			sourceTree = "<group>";
		};
		D1EDA1131C1421BC00336675 /* LaunchScreen.storyboard */ = {
			isa = PBXVariantGroup;
			children = (
				D1EDA1141C1421BC00336675 /* Base */,
			);
			name = LaunchScreen.storyboard;
			sourceTree = "<group>";
		};
/* End PBXVariantGroup section */

/* Begin XCBuildConfiguration section */
		D1EDA1171C1421BC00336675 /* Debug */ = {
			isa = XCBuildConfiguration;
			buildSettings = {
				ALWAYS_SEARCH_USER_PATHS = NO;
				CLANG_CXX_LANGUAGE_STANDARD = "gnu++0x";
				CLANG_CXX_LIBRARY = "libc++";
				CLANG_ENABLE_MODULES = YES;
				CLANG_ENABLE_OBJC_ARC = YES;
				CLANG_WARN_BOOL_CONVERSION = YES;
				CLANG_WARN_CONSTANT_CONVERSION = YES;
				CLANG_WARN_DIRECT_OBJC_ISA_USAGE = YES_ERROR;
				CLANG_WARN_EMPTY_BODY = YES;
				CLANG_WARN_ENUM_CONVERSION = YES;
				CLANG_WARN_INT_CONVERSION = YES;
				CLANG_WARN_OBJC_ROOT_CLASS = YES_ERROR;
				CLANG_WARN_UNREACHABLE_CODE = YES;
				CLANG_WARN__DUPLICATE_METHOD_MATCH = YES;
				"CODE_SIGN_IDENTITY[sdk=iphoneos*]" = "iPhone Developer";
				COPY_PHASE_STRIP = NO;
				DEBUG_INFORMATION_FORMAT = dwarf;
				ENABLE_STRICT_OBJC_MSGSEND = YES;
				ENABLE_TESTABILITY = YES;
				GCC_C_LANGUAGE_STANDARD = gnu99;
				GCC_DYNAMIC_NO_PIC = NO;
				GCC_NO_COMMON_BLOCKS = YES;
				GCC_OPTIMIZATION_LEVEL = 0;
				GCC_PREPROCESSOR_DEFINITIONS = (
					"DEBUG=1",
					"$(inherited)",
				);
				GCC_WARN_64_TO_32_BIT_CONVERSION = YES;
				GCC_WARN_ABOUT_RETURN_TYPE = YES_ERROR;
				GCC_WARN_UNDECLARED_SELECTOR = YES;
				GCC_WARN_UNINITIALIZED_AUTOS = YES_AGGRESSIVE;
				GCC_WARN_UNUSED_FUNCTION = YES;
				GCC_WARN_UNUSED_VARIABLE = YES;
				IPHONEOS_DEPLOYMENT_TARGET = 9.1;
				MTL_ENABLE_DEBUG_INFO = YES;
				ONLY_ACTIVE_ARCH = YES;
				SDKROOT = iphoneos;
				SWIFT_OPTIMIZATION_LEVEL = "-Onone";
				TARGETED_DEVICE_FAMILY = "1,2";
			};
			name = Debug;
		};
		D1EDA1181C1421BC00336675 /* Release */ = {
			isa = XCBuildConfiguration;
			buildSettings = {
				ALWAYS_SEARCH_USER_PATHS = NO;
				CLANG_CXX_LANGUAGE_STANDARD = "gnu++0x";
				CLANG_CXX_LIBRARY = "libc++";
				CLANG_ENABLE_MODULES = YES;
				CLANG_ENABLE_OBJC_ARC = YES;
				CLANG_WARN_BOOL_CONVERSION = YES;
				CLANG_WARN_CONSTANT_CONVERSION = YES;
				CLANG_WARN_DIRECT_OBJC_ISA_USAGE = YES_ERROR;
				CLANG_WARN_EMPTY_BODY = YES;
				CLANG_WARN_ENUM_CONVERSION = YES;
				CLANG_WARN_INT_CONVERSION = YES;
				CLANG_WARN_OBJC_ROOT_CLASS = YES_ERROR;
				CLANG_WARN_UNREACHABLE_CODE = YES;
				CLANG_WARN__DUPLICATE_METHOD_MATCH = YES;
				"CODE_SIGN_IDENTITY[sdk=iphoneos*]" = "iPhone Developer";
				COPY_PHASE_STRIP = NO;
				DEBUG_INFORMATION_FORMAT = "dwarf-with-dsym";
				ENABLE_NS_ASSERTIONS = NO;
				ENABLE_STRICT_OBJC_MSGSEND = YES;
				GCC_C_LANGUAGE_STANDARD = gnu99;
				GCC_NO_COMMON_BLOCKS = YES;
				GCC_WARN_64_TO_32_BIT_CONVERSION = YES;
				GCC_WARN_ABOUT_RETURN_TYPE = YES_ERROR;
				GCC_WARN_UNDECLARED_SELECTOR = YES;
				GCC_WARN_UNINITIALIZED_AUTOS = YES_AGGRESSIVE;
				GCC_WARN_UNUSED_FUNCTION = YES;
				GCC_WARN_UNUSED_VARIABLE = YES;
				IPHONEOS_DEPLOYMENT_TARGET = 9.1;
				MTL_ENABLE_DEBUG_INFO = NO;
				SDKROOT = iphoneos;
				TARGETED_DEVICE_FAMILY = "1,2";
				VALIDATE_PRODUCT = YES;
			};
			name = Release;
		};
		D1EDA11A1C1421BC00336675 /* Debug */ = {
			isa = XCBuildConfiguration;
			buildSettings = {
				ASSETCATALOG_COMPILER_APPICON_NAME = AppIcon;
				INFOPLIST_FILE = "URL-Demo/Info.plist";
				IPHONEOS_DEPLOYMENT_TARGET = 8.0;
				LD_RUNPATH_SEARCH_PATHS = "$(inherited) @executable_path/Frameworks";
				PRODUCT_BUNDLE_IDENTIFIER = "com.onevcat.URL-Demo";
				PRODUCT_NAME = "$(TARGET_NAME)";
			};
			name = Debug;
		};
		D1EDA11B1C1421BC00336675 /* Release */ = {
			isa = XCBuildConfiguration;
			buildSettings = {
				ASSETCATALOG_COMPILER_APPICON_NAME = AppIcon;
				INFOPLIST_FILE = "URL-Demo/Info.plist";
				IPHONEOS_DEPLOYMENT_TARGET = 8.0;
				LD_RUNPATH_SEARCH_PATHS = "$(inherited) @executable_path/Frameworks";
				PRODUCT_BUNDLE_IDENTIFIER = "com.onevcat.URL-Demo";
				PRODUCT_NAME = "$(TARGET_NAME)";
			};
			name = Release;
		};
/* End XCBuildConfiguration section */

/* Begin XCConfigurationList section */
		D1EDA1021C1421BC00336675 /* Build configuration list for PBXProject "URL-Demo" */ = {
			isa = XCConfigurationList;
			buildConfigurations = (
				D1EDA1171C1421BC00336675 /* Debug */,
				D1EDA1181C1421BC00336675 /* Release */,
			);
			defaultConfigurationIsVisible = 0;
			defaultConfigurationName = Release;
		};
		D1EDA1191C1421BC00336675 /* Build configuration list for PBXNativeTarget "URL-Demo" */ = {
			isa = XCConfigurationList;
			buildConfigurations = (
				D1EDA11A1C1421BC00336675 /* Debug */,
				D1EDA11B1C1421BC00336675 /* Release */,
			);
			defaultConfigurationIsVisible = 0;
		};
/* End XCConfigurationList section */
	};
	rootObject = D1EDA0FF1C1421BC00336675 /* Project object */;
}
